<Solution>
  <Project Path="../../api/SynchrolightAPI.Core/SynchrolightAPI.Core.csproj" />
  <Project Path="Lib.Application/Lib.Application.csproj" />
  <Project Path="Lib.Domain/Lib.Domain.csproj" />
  <Project Path="Lib.Ui.Screens/Lib.Ui.Screens.csproj" />
  <Project Path="Lib.UiFramework/Lib.UiFramework.csproj" />
  <Project Path="SynchronizedLights.UI/SynchronizedLights.UI.csproj" />
</Solution>
